// !$*UTF8*$!
{
	archiveVersion = 1;
	classes = {
	};
	objectVersion = 51;
	objects = {

/* Begin PBXBuildFile section */
		729AA6F526093387008D7C8D /* AppDelegate.swift in Sources */ = {isa = PBXBuildFile; fileRef = 729AA6F426093387008D7C8D /* AppDelegate.swift */; };
		729AA6F926093387008D7C8D /* ViewController.swift in Sources */ = {isa = PBXBuildFile; fileRef = 729AA6F826093387008D7C8D /* ViewController.swift */; };
		729AA6FF26093387008D7C8D /* ahmed_chebbi_ios_challenge.xcdatamodeld in Sources */ = {isa = PBXBuildFile; fileRef = 729AA6FD26093387008D7C8D /* ahmed_chebbi_ios_challenge.xcdatamodeld */; };
		729AA70126093388008D7C8D /* Assets.xcassets in Resources */ = {isa = PBXBuildFile; fileRef = 729AA70026093388008D7C8D /* Assets.xcassets */; };
		729AA70426093388008D7C8D /* LaunchScreen.storyboard in Resources */ = {isa = PBXBuildFile; fileRef = 729AA70226093388008D7C8D /* LaunchScreen.storyboard */; };
		729AA7132609344D008D7C8D /* AppCoordinator.swift in Sources */ = {isa = PBXBuildFile; fileRef = 729AA7122609344D008D7C8D /* AppCoordinator.swift */; };
		729AA7242609373B008D7C8D /* ResponseListBanks.swift in Sources */ = {isa = PBXBuildFile; fileRef = 729AA7232609373B008D7C8D /* ResponseListBanks.swift */; };
		729AA72726093770008D7C8D /* Pagination.swift in Sources */ = {isa = PBXBuildFile; fileRef = 729AA72626093770008D7C8D /* Pagination.swift */; };
		729AA72A2609378B008D7C8D /* Resource.swift in Sources */ = {isa = PBXBuildFile; fileRef = 729AA7292609378B008D7C8D /* Resource.swift */; };
		729AA72D26093855008D7C8D /* ParentBank.swift in Sources */ = {isa = PBXBuildFile; fileRef = 729AA72C26093855008D7C8D /* ParentBank.swift */; };
		729AA7302609387B008D7C8D /* Bank.swift in Sources */ = {isa = PBXBuildFile; fileRef = 729AA72F2609387B008D7C8D /* Bank.swift */; };
		729AA733260938F5008D7C8D /* Form.swift in Sources */ = {isa = PBXBuildFile; fileRef = 729AA732260938F5008D7C8D /* Form.swift */; };
		729AA73926093997008D7C8D /* Payment.swift in Sources */ = {isa = PBXBuildFile; fileRef = 729AA73826093997008D7C8D /* Payment.swift */; };
		729AA73C260939CF008D7C8D /* ApiService.swift in Sources */ = {isa = PBXBuildFile; fileRef = 729AA73B260939CF008D7C8D /* ApiService.swift */; };
		729AA73F26093BEF008D7C8D /* ManagerBanksService.swift in Sources */ = {isa = PBXBuildFile; fileRef = 729AA73E26093BEF008D7C8D /* ManagerBanksService.swift */; };
		A14875E6ACCBA33426DF8191 /* Pods_ahmed_chebbi_ios_challenge.framework in Frameworks */ = {isa = PBXBuildFile; fileRef = 93C657CDBDCC79801870D337 /* Pods_ahmed_chebbi_ios_challenge.framework */; };
/* End PBXBuildFile section */

/* Begin PBXFileReference section */
		729AA6F126093387008D7C8D /* ahmed_chebbi_ios_challenge.app */ = {isa = PBXFileReference; explicitFileType = wrapper.application; includeInIndex = 0; path = ahmed_chebbi_ios_challenge.app; sourceTree = BUILT_PRODUCTS_DIR; };
		729AA6F426093387008D7C8D /* AppDelegate.swift */ = {isa = PBXFileReference; lastKnownFileType = sourcecode.swift; path = AppDelegate.swift; sourceTree = "<group>"; };
		729AA6F826093387008D7C8D /* ViewController.swift */ = {isa = PBXFileReference; lastKnownFileType = sourcecode.swift; path = ViewController.swift; sourceTree = "<group>"; };
		729AA6FE26093387008D7C8D /* ahmed_chebbi_ios_challenge.xcdatamodel */ = {isa = PBXFileReference; lastKnownFileType = wrapper.xcdatamodel; path = ahmed_chebbi_ios_challenge.xcdatamodel; sourceTree = "<group>"; };
		729AA70026093388008D7C8D /* Assets.xcassets */ = {isa = PBXFileReference; lastKnownFileType = folder.assetcatalog; path = Assets.xcassets; sourceTree = "<group>"; };
		729AA70326093388008D7C8D /* Base */ = {isa = PBXFileReference; lastKnownFileType = file.storyboard; name = Base; path = Base.lproj/LaunchScreen.storyboard; sourceTree = "<group>"; };
		729AA70526093388008D7C8D /* Info.plist */ = {isa = PBXFileReference; lastKnownFileType = text.plist.xml; path = Info.plist; sourceTree = "<group>"; };
		729AA7122609344D008D7C8D /* AppCoordinator.swift */ = {isa = PBXFileReference; lastKnownFileType = sourcecode.swift; path = AppCoordinator.swift; sourceTree = "<group>"; };
		729AA7232609373B008D7C8D /* ResponseListBanks.swift */ = {isa = PBXFileReference; lastKnownFileType = sourcecode.swift; path = ResponseListBanks.swift; sourceTree = "<group>"; };
		729AA72626093770008D7C8D /* Pagination.swift */ = {isa = PBXFileReference; lastKnownFileType = sourcecode.swift; path = Pagination.swift; sourceTree = "<group>"; };
		729AA7292609378B008D7C8D /* Resource.swift */ = {isa = PBXFileReference; lastKnownFileType = sourcecode.swift; path = Resource.swift; sourceTree = "<group>"; };
		729AA72C26093855008D7C8D /* ParentBank.swift */ = {isa = PBXFileReference; lastKnownFileType = sourcecode.swift; path = ParentBank.swift; sourceTree = "<group>"; };
		729AA72F2609387B008D7C8D /* Bank.swift */ = {isa = PBXFileReference; lastKnownFileType = sourcecode.swift; path = Bank.swift; sourceTree = "<group>"; };
		729AA732260938F5008D7C8D /* Form.swift */ = {isa = PBXFileReference; lastKnownFileType = sourcecode.swift; path = Form.swift; sourceTree = "<group>"; };
		729AA73826093997008D7C8D /* Payment.swift */ = {isa = PBXFileReference; lastKnownFileType = sourcecode.swift; path = Payment.swift; sourceTree = "<group>"; };
		729AA73B260939CF008D7C8D /* ApiService.swift */ = {isa = PBXFileReference; lastKnownFileType = sourcecode.swift; path = ApiService.swift; sourceTree = "<group>"; };
		729AA73E26093BEF008D7C8D /* ManagerBanksService.swift */ = {isa = PBXFileReference; lastKnownFileType = sourcecode.swift; path = ManagerBanksService.swift; sourceTree = "<group>"; };
		93C657CDBDCC79801870D337 /* Pods_ahmed_chebbi_ios_challenge.framework */ = {isa = PBXFileReference; explicitFileType = wrapper.framework; includeInIndex = 0; path = Pods_ahmed_chebbi_ios_challenge.framework; sourceTree = BUILT_PRODUCTS_DIR; };
		B7485F4D46BEBBF2B5D30E50 /* Pods-ahmed_chebbi_ios_challenge.debug.xcconfig */ = {isa = PBXFileReference; includeInIndex = 1; lastKnownFileType = text.xcconfig; name = "Pods-ahmed_chebbi_ios_challenge.debug.xcconfig"; path = "Target Support Files/Pods-ahmed_chebbi_ios_challenge/Pods-ahmed_chebbi_ios_challenge.debug.xcconfig"; sourceTree = "<group>"; };
		CDD68AD68F980E57CD0D4960 /* Pods-ahmed_chebbi_ios_challenge.release.xcconfig */ = {isa = PBXFileReference; includeInIndex = 1; lastKnownFileType = text.xcconfig; name = "Pods-ahmed_chebbi_ios_challenge.release.xcconfig"; path = "Target Support Files/Pods-ahmed_chebbi_ios_challenge/Pods-ahmed_chebbi_ios_challenge.release.xcconfig"; sourceTree = "<group>"; };
/* End PBXFileReference section */

/* Begin PBXFrameworksBuildPhase section */
		729AA6EE26093387008D7C8D /* Frameworks */ = {
			isa = PBXFrameworksBuildPhase;
			buildActionMask = 2147483647;
			files = (
				A14875E6ACCBA33426DF8191 /* Pods_ahmed_chebbi_ios_challenge.framework in Frameworks */,
			);
			runOnlyForDeploymentPostprocessing = 0;
		};
/* End PBXFrameworksBuildPhase section */

/* Begin PBXGroup section */
		729AA6E826093387008D7C8D = {
			isa = PBXGroup;
			children = (
				729AA6F326093387008D7C8D /* ahmed_chebbi_ios_challenge */,
				729AA6F226093387008D7C8D /* Products */,
				9248006E48D518521C094893 /* Pods */,
				C8E5987E932E181D7897CB0E /* Frameworks */,
			);
			sourceTree = "<group>";
		};
		729AA6F226093387008D7C8D /* Products */ = {
			isa = PBXGroup;
			children = (
				729AA6F126093387008D7C8D /* ahmed_chebbi_ios_challenge.app */,
			);
			name = Products;
			sourceTree = "<group>";
		};
		729AA6F326093387008D7C8D /* ahmed_chebbi_ios_challenge */ = {
			isa = PBXGroup;
			children = (
				729AA71F2609367E008D7C8D /* Networks */,
				729AA6F826093387008D7C8D /* ViewController.swift */,
				729AA70F260933E6008D7C8D /* Resources */,
				729AA6F426093387008D7C8D /* AppDelegate.swift */,
				729AA7122609344D008D7C8D /* AppCoordinator.swift */,
			);
			path = ahmed_chebbi_ios_challenge;
			sourceTree = "<group>";
		};
		729AA70F260933E6008D7C8D /* Resources */ = {
			isa = PBXGroup;
			children = (
				729AA6FD26093387008D7C8D /* ahmed_chebbi_ios_challenge.xcdatamodeld */,
				729AA70026093388008D7C8D /* Assets.xcassets */,
				729AA70226093388008D7C8D /* LaunchScreen.storyboard */,
				729AA70526093388008D7C8D /* Info.plist */,
			);
			path = Resources;
			sourceTree = "<group>";
		};
		729AA71F2609367E008D7C8D /* Networks */ = {
			isa = PBXGroup;
			children = (
				729AA721260936E9008D7C8D /* Responses */,
				729AA7202609368D008D7C8D /* Models */,
				729AA73B260939CF008D7C8D /* ApiService.swift */,
				729AA73E26093BEF008D7C8D /* ManagerBanksService.swift */,
			);
			path = Networks;
			sourceTree = "<group>";
		};
		729AA7202609368D008D7C8D /* Models */ = {
			isa = PBXGroup;
			children = (
				729AA72626093770008D7C8D /* Pagination.swift */,
				729AA7292609378B008D7C8D /* Resource.swift */,
				729AA72C26093855008D7C8D /* ParentBank.swift */,
				729AA72F2609387B008D7C8D /* Bank.swift */,
				729AA732260938F5008D7C8D /* Form.swift */,
				729AA73826093997008D7C8D /* Payment.swift */,
			);
			path = Models;
			sourceTree = "<group>";
		};
		729AA721260936E9008D7C8D /* Responses */ = {
			isa = PBXGroup;
			children = (
				729AA7232609373B008D7C8D /* ResponseListBanks.swift */,
			);
			path = Responses;
			sourceTree = "<group>";
		};
		9248006E48D518521C094893 /* Pods */ = {
			isa = PBXGroup;
			children = (
				B7485F4D46BEBBF2B5D30E50 /* Pods-ahmed_chebbi_ios_challenge.debug.xcconfig */,
				CDD68AD68F980E57CD0D4960 /* Pods-ahmed_chebbi_ios_challenge.release.xcconfig */,
			);
			path = Pods;
			sourceTree = "<group>";
		};
		C8E5987E932E181D7897CB0E /* Frameworks */ = {
			isa = PBXGroup;
			children = (
				93C657CDBDCC79801870D337 /* Pods_ahmed_chebbi_ios_challenge.framework */,
			);
			name = Frameworks;
			sourceTree = "<group>";
		};
/* End PBXGroup section */

/* Begin PBXNativeTarget section */
		729AA6F026093387008D7C8D /* ahmed_chebbi_ios_challenge */ = {
			isa = PBXNativeTarget;
			buildConfigurationList = 729AA70826093388008D7C8D /* Build configuration list for PBXNativeTarget "ahmed_chebbi_ios_challenge" */;
			buildPhases = (
				6387FD0EA4699FDF391573BA /* [CP] Check Pods Manifest.lock */,
				729AA6ED26093387008D7C8D /* Sources */,
				729AA6EE26093387008D7C8D /* Frameworks */,
				729AA6EF26093387008D7C8D /* Resources */,
				F494E4F21D37B1D1B59A8857 /* [CP] Embed Pods Frameworks */,
			);
			buildRules = (
			);
			dependencies = (
			);
			name = ahmed_chebbi_ios_challenge;
			productName = ahmed_chebbi_ios_challenge;
			productReference = 729AA6F126093387008D7C8D /* ahmed_chebbi_ios_challenge.app */;
			productType = "com.apple.product-type.application";
		};
/* End PBXNativeTarget section */

/* Begin PBXProject section */
		729AA6E926093387008D7C8D /* Project object */ = {
			isa = PBXProject;
			attributes = {
				LastSwiftUpdateCheck = 1240;
				LastUpgradeCheck = 1240;
				TargetAttributes = {
					729AA6F026093387008D7C8D = {
						CreatedOnToolsVersion = 12.4;
					};
				};
			};
			buildConfigurationList = 729AA6EC26093387008D7C8D /* Build configuration list for PBXProject "ahmed_chebbi_ios_challenge" */;
			compatibilityVersion = "Xcode 9.3";
			developmentRegion = en;
			hasScannedForEncodings = 0;
			knownRegions = (
				en,
				Base,
			);
			mainGroup = 729AA6E826093387008D7C8D;
			productRefGroup = 729AA6F226093387008D7C8D /* Products */;
			projectDirPath = "";
			projectRoot = "";
			targets = (
				729AA6F026093387008D7C8D /* ahmed_chebbi_ios_challenge */,
			);
		};
/* End PBXProject section */

/* Begin PBXResourcesBuildPhase section */
		729AA6EF26093387008D7C8D /* Resources */ = {
			isa = PBXResourcesBuildPhase;
			buildActionMask = 2147483647;
			files = (
				729AA70426093388008D7C8D /* LaunchScreen.storyboard in Resources */,
				729AA70126093388008D7C8D /* Assets.xcassets in Resources */,
			);
			runOnlyForDeploymentPostprocessing = 0;
		};
/* End PBXResourcesBuildPhase section */

/* Begin PBXShellScriptBuildPhase section */
		6387FD0EA4699FDF391573BA /* [CP] Check Pods Manifest.lock */ = {
			isa = PBXShellScriptBuildPhase;
			buildActionMask = 2147483647;
			files = (
			);
			inputFileListPaths = (
			);
			inputPaths = (
				"${PODS_PODFILE_DIR_PATH}/Podfile.lock",
				"${PODS_ROOT}/Manifest.lock",
			);
			name = "[CP] Check Pods Manifest.lock";
			outputFileListPaths = (
			);
			outputPaths = (
				"$(DERIVED_FILE_DIR)/Pods-ahmed_chebbi_ios_challenge-checkManifestLockResult.txt",
			);
			runOnlyForDeploymentPostprocessing = 0;
			shellPath = /bin/sh;
			shellScript = "diff \"${PODS_PODFILE_DIR_PATH}/Podfile.lock\" \"${PODS_ROOT}/Manifest.lock\" > /dev/null\nif [ $? != 0 ] ; then\n    # print error to STDERR\n    echo \"error: The sandbox is not in sync with the Podfile.lock. Run 'pod install' or update your CocoaPods installation.\" >&2\n    exit 1\nfi\n# This output is used by Xcode 'outputs' to avoid re-running this script phase.\necho \"SUCCESS\" > \"${SCRIPT_OUTPUT_FILE_0}\"\n";
			showEnvVarsInLog = 0;
		};
		F494E4F21D37B1D1B59A8857 /* [CP] Embed Pods Frameworks */ = {
			isa = PBXShellScriptBuildPhase;
			buildActionMask = 2147483647;
			files = (
			);
			inputFileListPaths = (
				"${PODS_ROOT}/Target Support Files/Pods-ahmed_chebbi_ios_challenge/Pods-ahmed_chebbi_ios_challenge-frameworks-${CONFIGURATION}-input-files.xcfilelist",
			);
			name = "[CP] Embed Pods Frameworks";
			outputFileListPaths = (
				"${PODS_ROOT}/Target Support Files/Pods-ahmed_chebbi_ios_challenge/Pods-ahmed_chebbi_ios_challenge-frameworks-${CONFIGURATION}-output-files.xcfilelist",
			);
			runOnlyForDeploymentPostprocessing = 0;
			shellPath = /bin/sh;
			shellScript = "\"${PODS_ROOT}/Target Support Files/Pods-ahmed_chebbi_ios_challenge/Pods-ahmed_chebbi_ios_challenge-frameworks.sh\"\n";
			showEnvVarsInLog = 0;
		};
/* End PBXShellScriptBuildPhase section */

/* Begin PBXSourcesBuildPhase section */
		729AA6ED26093387008D7C8D /* Sources */ = {
			isa = PBXSourcesBuildPhase;
			buildActionMask = 2147483647;
			files = (
				729AA7242609373B008D7C8D /* ResponseListBanks.swift in Sources */,
				729AA72D26093855008D7C8D /* ParentBank.swift in Sources */,
				729AA7132609344D008D7C8D /* AppCoordinator.swift in Sources */,
				729AA6F926093387008D7C8D /* ViewController.swift in Sources */,
				729AA72726093770008D7C8D /* Pagination.swift in Sources */,
				729AA6F526093387008D7C8D /* AppDelegate.swift in Sources */,
				729AA73C260939CF008D7C8D /* ApiService.swift in Sources */,
				729AA7302609387B008D7C8D /* Bank.swift in Sources */,
				729AA73F26093BEF008D7C8D /* ManagerBanksService.swift in Sources */,
				729AA733260938F5008D7C8D /* Form.swift in Sources */,
				729AA6FF26093387008D7C8D /* ahmed_chebbi_ios_challenge.xcdatamodeld in Sources */,
				729AA73926093997008D7C8D /* Payment.swift in Sources */,
				729AA72A2609378B008D7C8D /* Resource.swift in Sources */,
			);
			runOnlyForDeploymentPostprocessing = 0;
		};
/* End PBXSourcesBuildPhase section */

/* Begin PBXVariantGroup section */
		729AA70226093388008D7C8D /* LaunchScreen.storyboard */ = {
			isa = PBXVariantGroup;
			children = (
				729AA70326093388008D7C8D /* Base */,
			);
			name = LaunchScreen.storyboard;
			sourceTree = "<group>";
		};
/* End PBXVariantGroup section */

/* Begin XCBuildConfiguration section */
		729AA70626093388008D7C8D /* Debug */ = {
			isa = XCBuildConfiguration;
			buildSettings = {
				ALWAYS_SEARCH_USER_PATHS = NO;
				CLANG_ANALYZER_NONNULL = YES;
				CLANG_ANALYZER_NUMBER_OBJECT_CONVERSION = YES_AGGRESSIVE;
				CLANG_CXX_LANGUAGE_STANDARD = "gnu++14";
				CLANG_CXX_LIBRARY = "libc++";
				CLANG_ENABLE_MODULES = YES;
				CLANG_ENABLE_OBJC_ARC = YES;
				CLANG_ENABLE_OBJC_WEAK = YES;
				CLANG_WARN_BLOCK_CAPTURE_AUTORELEASING = YES;
				CLANG_WARN_BOOL_CONVERSION = YES;
				CLANG_WARN_COMMA = YES;
				CLANG_WARN_CONSTANT_CONVERSION = YES;
				CLANG_WARN_DEPRECATED_OBJC_IMPLEMENTATIONS = YES;
				CLANG_WARN_DIRECT_OBJC_ISA_USAGE = YES_ERROR;
				CLANG_WARN_DOCUMENTATION_COMMENTS = YES;
				CLANG_WARN_EMPTY_BODY = YES;
				CLANG_WARN_ENUM_CONVERSION = YES;
				CLANG_WARN_INFINITE_RECURSION = YES;
				CLANG_WARN_INT_CONVERSION = YES;
				CLANG_WARN_NON_LITERAL_NULL_CONVERSION = YES;
				CLANG_WARN_OBJC_IMPLICIT_RETAIN_SELF = YES;
				CLANG_WARN_OBJC_LITERAL_CONVERSION = YES;
				CLANG_WARN_OBJC_ROOT_CLASS = YES_ERROR;
				CLANG_WARN_QUOTED_INCLUDE_IN_FRAMEWORK_HEADER = YES;
				CLANG_WARN_RANGE_LOOP_ANALYSIS = YES;
				CLANG_WARN_STRICT_PROTOTYPES = YES;
				CLANG_WARN_SUSPICIOUS_MOVE = YES;
				CLANG_WARN_UNGUARDED_AVAILABILITY = YES_AGGRESSIVE;
				CLANG_WARN_UNREACHABLE_CODE = YES;
				CLANG_WARN__DUPLICATE_METHOD_MATCH = YES;
				COPY_PHASE_STRIP = NO;
				DEBUG_INFORMATION_FORMAT = dwarf;
				ENABLE_STRICT_OBJC_MSGSEND = YES;
				ENABLE_TESTABILITY = YES;
				GCC_C_LANGUAGE_STANDARD = gnu11;
				GCC_DYNAMIC_NO_PIC = NO;
				GCC_NO_COMMON_BLOCKS = YES;
				GCC_OPTIMIZATION_LEVEL = 0;
				GCC_PREPROCESSOR_DEFINITIONS = (
					"DEBUG=1",
					"$(inherited)",
				);
				GCC_WARN_64_TO_32_BIT_CONVERSION = YES;
				GCC_WARN_ABOUT_RETURN_TYPE = YES_ERROR;
				GCC_WARN_UNDECLARED_SELECTOR = YES;
				GCC_WARN_UNINITIALIZED_AUTOS = YES_AGGRESSIVE;
				GCC_WARN_UNUSED_FUNCTION = YES;
				GCC_WARN_UNUSED_VARIABLE = YES;
				IPHONEOS_DEPLOYMENT_TARGET = 12.1;
				MTL_ENABLE_DEBUG_INFO = INCLUDE_SOURCE;
				MTL_FAST_MATH = YES;
				ONLY_ACTIVE_ARCH = YES;
				SDKROOT = iphoneos;
				SWIFT_ACTIVE_COMPILATION_CONDITIONS = DEBUG;
				SWIFT_OPTIMIZATION_LEVEL = "-Onone";
			};
			name = Debug;
		};
		729AA70726093388008D7C8D /* Release */ = {
			isa = XCBuildConfiguration;
			buildSettings = {
				ALWAYS_SEARCH_USER_PATHS = NO;
				CLANG_ANALYZER_NONNULL = YES;
				CLANG_ANALYZER_NUMBER_OBJECT_CONVERSION = YES_AGGRESSIVE;
				CLANG_CXX_LANGUAGE_STANDARD = "gnu++14";
				CLANG_CXX_LIBRARY = "libc++";
				CLANG_ENABLE_MODULES = YES;
				CLANG_ENABLE_OBJC_ARC = YES;
				CLANG_ENABLE_OBJC_WEAK = YES;
				CLANG_WARN_BLOCK_CAPTURE_AUTORELEASING = YES;
				CLANG_WARN_BOOL_CONVERSION = YES;
				CLANG_WARN_COMMA = YES;
				CLANG_WARN_CONSTANT_CONVERSION = YES;
				CLANG_WARN_DEPRECATED_OBJC_IMPLEMENTATIONS = YES;
				CLANG_WARN_DIRECT_OBJC_ISA_USAGE = YES_ERROR;
				CLANG_WARN_DOCUMENTATION_COMMENTS = YES;
				CLANG_WARN_EMPTY_BODY = YES;
				CLANG_WARN_ENUM_CONVERSION = YES;
				CLANG_WARN_INFINITE_RECURSION = YES;
				CLANG_WARN_INT_CONVERSION = YES;
				CLANG_WARN_NON_LITERAL_NULL_CONVERSION = YES;
				CLANG_WARN_OBJC_IMPLICIT_RETAIN_SELF = YES;
				CLANG_WARN_OBJC_LITERAL_CONVERSION = YES;
				CLANG_WARN_OBJC_ROOT_CLASS = YES_ERROR;
				CLANG_WARN_QUOTED_INCLUDE_IN_FRAMEWORK_HEADER = YES;
				CLANG_WARN_RANGE_LOOP_ANALYSIS = YES;
				CLANG_WARN_STRICT_PROTOTYPES = YES;
				CLANG_WARN_SUSPICIOUS_MOVE = YES;
				CLANG_WARN_UNGUARDED_AVAILABILITY = YES_AGGRESSIVE;
				CLANG_WARN_UNREACHABLE_CODE = YES;
				CLANG_WARN__DUPLICATE_METHOD_MATCH = YES;
				COPY_PHASE_STRIP = NO;
				DEBUG_INFORMATION_FORMAT = "dwarf-with-dsym";
				ENABLE_NS_ASSERTIONS = NO;
				ENABLE_STRICT_OBJC_MSGSEND = YES;
				GCC_C_LANGUAGE_STANDARD = gnu11;
				GCC_NO_COMMON_BLOCKS = YES;
				GCC_WARN_64_TO_32_BIT_CONVERSION = YES;
				GCC_WARN_ABOUT_RETURN_TYPE = YES_ERROR;
				GCC_WARN_UNDECLARED_SELECTOR = YES;
				GCC_WARN_UNINITIALIZED_AUTOS = YES_AGGRESSIVE;
				GCC_WARN_UNUSED_FUNCTION = YES;
				GCC_WARN_UNUSED_VARIABLE = YES;
				IPHONEOS_DEPLOYMENT_TARGET = 12.1;
				MTL_ENABLE_DEBUG_INFO = NO;
				MTL_FAST_MATH = YES;
				SDKROOT = iphoneos;
				SWIFT_COMPILATION_MODE = wholemodule;
				SWIFT_OPTIMIZATION_LEVEL = "-O";
				VALIDATE_PRODUCT = YES;
			};
			name = Release;
		};
		729AA70926093388008D7C8D /* Debug */ = {
			isa = XCBuildConfiguration;
			baseConfigurationReference = B7485F4D46BEBBF2B5D30E50 /* Pods-ahmed_chebbi_ios_challenge.debug.xcconfig */;
			buildSettings = {
				ASSETCATALOG_COMPILER_APPICON_NAME = AppIcon;
				ASSETCATALOG_COMPILER_GLOBAL_ACCENT_COLOR_NAME = AccentColor;
				CODE_SIGN_STYLE = Automatic;
				DEVELOPMENT_TEAM = 4A6BXQD5FU;
				INFOPLIST_FILE = ahmed_chebbi_ios_challenge/Resources/Info.plist;
				LD_RUNPATH_SEARCH_PATHS = (
					"$(inherited)",
					"@executable_path/Frameworks",
				);
				PRODUCT_BUNDLE_IDENTIFIER = "test.ahmed-chebbi-ios-challenge";
				PRODUCT_NAME = "$(TARGET_NAME)";
				SWIFT_VERSION = 5.0;
				TARGETED_DEVICE_FAMILY = "1,2";
			};
			name = Debug;
		};
		729AA70A26093388008D7C8D /* Release */ = {
			isa = XCBuildConfiguration;
			baseConfigurationReference = CDD68AD68F980E57CD0D4960 /* Pods-ahmed_chebbi_ios_challenge.release.xcconfig */;
			buildSettings = {
				ASSETCATALOG_COMPILER_APPICON_NAME = AppIcon;
				ASSETCATALOG_COMPILER_GLOBAL_ACCENT_COLOR_NAME = AccentColor;
				CODE_SIGN_STYLE = Automatic;
				DEVELOPMENT_TEAM = 4A6BXQD5FU;
				INFOPLIST_FILE = ahmed_chebbi_ios_challenge/Resources/Info.plist;
				LD_RUNPATH_SEARCH_PATHS = (
					"$(inherited)",
					"@executable_path/Frameworks",
				);
				PRODUCT_BUNDLE_IDENTIFIER = "test.ahmed-chebbi-ios-challenge";
				PRODUCT_NAME = "$(TARGET_NAME)";
				SWIFT_VERSION = 5.0;
				TARGETED_DEVICE_FAMILY = "1,2";
			};
			name = Release;
		};
/* End XCBuildConfiguration section */

/* Begin XCConfigurationList section */
		729AA6EC26093387008D7C8D /* Build configuration list for PBXProject "ahmed_chebbi_ios_challenge" */ = {
			isa = XCConfigurationList;
			buildConfigurations = (
				729AA70626093388008D7C8D /* Debug */,
				729AA70726093388008D7C8D /* Release */,
			);
			defaultConfigurationIsVisible = 0;
			defaultConfigurationName = Release;
		};
		729AA70826093388008D7C8D /* Build configuration list for PBXNativeTarget "ahmed_chebbi_ios_challenge" */ = {
			isa = XCConfigurationList;
			buildConfigurations = (
				729AA70926093388008D7C8D /* Debug */,
				729AA70A26093388008D7C8D /* Release */,
			);
			defaultConfigurationIsVisible = 0;
			defaultConfigurationName = Release;
		};
/* End XCConfigurationList section */

/* Begin XCVersionGroup section */
		729AA6FD26093387008D7C8D /* ahmed_chebbi_ios_challenge.xcdatamodeld */ = {
			isa = XCVersionGroup;
			children = (
				729AA6FE26093387008D7C8D /* ahmed_chebbi_ios_challenge.xcdatamodel */,
			);
			currentVersion = 729AA6FE26093387008D7C8D /* ahmed_chebbi_ios_challenge.xcdatamodel */;
			path = ahmed_chebbi_ios_challenge.xcdatamodeld;
			sourceTree = "<group>";
			versionGroupType = wrapper.xcdatamodel;
		};
/* End XCVersionGroup section */
	};
	rootObject = 729AA6E926093387008D7C8D /* Project object */;
}
